{
    "version": 3,
    "terraform_version": "0.11.3",
    "serial": 2,
    "lineage": "0cd84961-11a7-481f-b351-0105ffb173c0",
    "modules": [
        {
            "path": [
                "root"
            ],
            "outputs": {},
            "resources": {
                "aws_instance.web": {
                    "type": "aws_instance",
                    "depends_on": [
                        "aws_security_group.training"
                    ],
                    "primary": {
                        "id": "i-048750f72433160aa",
                        "attributes": {
                            "ami": "ami-e474db9c",
                            "associate_public_ip_address": "true",
                            "availability_zone": "us-west-2b",
                            "credit_specification.#": "1",
                            "credit_specification.0.cpu_credits": "standard",
                            "disable_api_termination": "false",
                            "ebs_block_device.#": "0",
                            "ebs_optimized": "false",
                            "ephemeral_block_device.#": "0",
                            "get_password_data": "false",
                            "iam_instance_profile": "",
                            "id": "i-048750f72433160aa",
                            "instance_state": "running",
                            "instance_type": "t2.micro",
                            "ipv6_addresses.#": "0",
                            "key_name": "",
                            "monitoring": "false",
                            "network_interface.#": "0",
                            "network_interface_id": "eni-491a4aa3",
                            "password_data": "",
                            "placement_group": "",
                            "primary_network_interface_id": "eni-491a4aa3",
                            "private_dns": "ip-172-31-22-149.us-west-2.compute.internal",
                            "private_ip": "172.31.22.149",
                            "public_dns": "ec2-54-245-4-31.us-west-2.compute.amazonaws.com",
                            "public_ip": "54.245.4.31",
                            "root_block_device.#": "1",
                            "root_block_device.0.delete_on_termination": "true",
                            "root_block_device.0.iops": "100",
                            "root_block_device.0.volume_id": "vol-07e221c535917f7b4",
                            "root_block_device.0.volume_size": "5",
                            "root_block_device.0.volume_type": "gp2",
                            "security_groups.#": "1",
                            "security_groups.2258263631": "demo20180625124950330200000001",
                            "source_dest_check": "true",
                            "subnet_id": "subnet-a567e6c1",
                            "tags.%": "1",
                            "tags.Name": "demo-simple-instance",
                            "tenancy": "default",
                            "volume_tags.%": "0",
                            "vpc_security_group_ids.#": "1",
                            "vpc_security_group_ids.2225013114": "sg-8e9386ff"
                        },
                        "meta": {
                            "e2bfb730-ecaa-11e6-8f88-34363bc7c4c0": {
                                "create": 600000000000,
                                "delete": 1200000000000,
                                "update": 600000000000
                            },
                            "schema_version": "1"
                        },
                        "tainted": false
                    },
                    "deposed": [],
                    "provider": "provider.aws"
                },
                "aws_security_group.training": {
                    "type": "aws_security_group",
                    "depends_on": [],
                    "primary": {
                        "id": "sg-8e9386ff",
                        "attributes": {
                            "arn": "arn:aws:ec2:us-west-2:130490850807:security-group/sg-8e9386ff",
                            "description": "Managed by Terraform",
                            "egress.#": "1",
                            "egress.482069346.cidr_blocks.#": "1",
                            "egress.482069346.cidr_blocks.0": "0.0.0.0/0",
                            "egress.482069346.description": "",
                            "egress.482069346.from_port": "0",
                            "egress.482069346.ipv6_cidr_blocks.#": "0",
                            "egress.482069346.prefix_list_ids.#": "0",
                            "egress.482069346.protocol": "-1",
                            "egress.482069346.security_groups.#": "0",
                            "egress.482069346.self": "false",
                            "egress.482069346.to_port": "0",
                            "id": "sg-8e9386ff",
                            "ingress.#": "1",
                            "ingress.482069346.cidr_blocks.#": "1",
                            "ingress.482069346.cidr_blocks.0": "0.0.0.0/0",
                            "ingress.482069346.description": "",
                            "ingress.482069346.from_port": "0",
                            "ingress.482069346.ipv6_cidr_blocks.#": "0",
                            "ingress.482069346.protocol": "-1",
                            "ingress.482069346.security_groups.#": "0",
                            "ingress.482069346.self": "false",
                            "ingress.482069346.to_port": "0",
                            "name": "demo20180625124950330200000001",
                            "name_prefix": "demo",
                            "owner_id": "130490850807",
                            "revoke_rules_on_delete": "false",
                            "tags.%": "0",
                            "vpc_id": "vpc-d044c1b4"
                        },
                        "meta": {
                            "e2bfb730-ecaa-11e6-8f88-34363bc7c4c0": {
                                "create": 600000000000,
                                "delete": 600000000000
                            },
                            "schema_version": "1"
                        },
                        "tainted": false
                    },
                    "deposed": [],
                    "provider": "provider.aws"
                }
            },
            "depends_on": []
        }
    ]
}
