{
    "version": 3,
    "terraform_version": "0.11.3",
    "serial": 2,
    "lineage": "3d1e598d-3f7d-460b-ba92-fd63ff83b3f1",
    "modules": [
        {
            "path": [
                "root"
            ],
            "outputs": {},
            "resources": {
                "aws_s3_bucket.logs": {
                    "type": "aws_s3_bucket",
                    "depends_on": [],
                    "primary": {
                        "id": "tfe-bee-tfstate-logs",
                        "attributes": {
                            "acceleration_status": "",
                            "acl": "log-delivery-write",
                            "arn": "arn:aws:s3:::tfe-bee-tfstate-logs",
                            "bucket": "tfe-bee-tfstate-logs",
                            "bucket_domain_name": "tfe-bee-tfstate-logs.s3.amazonaws.com",
                            "bucket_regional_domain_name": "tfe-bee-tfstate-logs.s3.eu-west-1.amazonaws.com",
                            "cors_rule.#": "0",
                            "force_destroy": "false",
                            "hosted_zone_id": "Z1BKCTXD74EZPE",
                            "id": "tfe-bee-tfstate-logs",
                            "logging.#": "0",
                            "region": "eu-west-1",
                            "replication_configuration.#": "0",
                            "request_payer": "BucketOwner",
                            "server_side_encryption_configuration.#": "0",
                            "tags.%": "0",
                            "versioning.#": "1",
                            "versioning.0.enabled": "false",
                            "versioning.0.mfa_delete": "false",
                            "website.#": "0"
                        },
                        "meta": {},
                        "tainted": false
                    },
                    "deposed": [],
                    "provider": "provider.aws"
                },
                "aws_s3_bucket.tf-state-store": {
                    "type": "aws_s3_bucket",
                    "depends_on": [
                        "aws_s3_bucket.logs"
                    ],
                    "primary": {
                        "id": "tfe-bee-tfstate-store",
                        "attributes": {
                            "acceleration_status": "",
                            "acl": "private",
                            "arn": "arn:aws:s3:::tfe-bee-tfstate-store",
                            "bucket": "tfe-bee-tfstate-store",
                            "bucket_domain_name": "tfe-bee-tfstate-store.s3.amazonaws.com",
                            "bucket_regional_domain_name": "tfe-bee-tfstate-store.s3.eu-west-1.amazonaws.com",
                            "cors_rule.#": "0",
                            "force_destroy": "false",
                            "hosted_zone_id": "Z1BKCTXD74EZPE",
                            "id": "tfe-bee-tfstate-store",
                            "logging.#": "1",
                            "logging.297080400.target_bucket": "tfe-bee-tfstate-logs",
                            "logging.297080400.target_prefix": "log/",
                            "region": "eu-west-1",
                            "replication_configuration.#": "0",
                            "request_payer": "BucketOwner",
                            "server_side_encryption_configuration.#": "0",
                            "tags.%": "0",
                            "versioning.#": "1",
                            "versioning.0.enabled": "true",
                            "versioning.0.mfa_delete": "false",
                            "website.#": "0"
                        },
                        "meta": {},
                        "tainted": false
                    },
                    "deposed": [],
                    "provider": "provider.aws"
                }
            },
            "depends_on": []
        }
    ]
}
